
Microsoft Visual Studio Solution File, Format Version 12.00
# Visual Studio Version 16
VisualStudioVersion = 16.0.31112.23
MinimumVisualStudioVersion = 10.0.40219.1
Project("{FAE04EC0-301F-11D3-BF4B-00C04F79EFBC}") = "PR3_Surgai_Organizer", "PR3_Surgai_Organizer\PR3_Surgai_Organizer.csproj", "{35F7221D-9F01-4673-B7ED-380340A68984}"
EndProject
Global
	GlobalSection(SolutionConfigurationPlatforms) = preSolution
		Debug|Any CPU = Debug|Any CPU
		Release|Any CPU = Release|Any CPU
	EndGlobalSection
	GlobalSection(ProjectConfigurationPlatforms) = postSolution
		{35F7221D-9F01-4673-B7ED-380340A68984}.Debug|Any CPU.ActiveCfg = Debug|Any CPU
		{35F7221D-9F01-4673-B7ED-380340A68984}.Debug|Any CPU.Build.0 = Debug|Any CPU
		{35F7221D-9F01-4673-B7ED-380340A68984}.Release|Any CPU.ActiveCfg = Release|Any CPU
		{35F7221D-9F01-4673-B7ED-380340A68984}.Release|Any CPU.Build.0 = Release|Any CPU
	EndGlobalSection
	GlobalSection(SolutionProperties) = preSolution
		HideSolutionNode = FALSE
	EndGlobalSection
	GlobalSection(ExtensibilityGlobals) = postSolution
		SolutionGuid = {09715EC6-80B1-4FE3-A721-2F4F73E27E4E}
	EndGlobalSection
EndGlobal
